{
    "name": "types-domain",
    "version": "1.0.0",
    "lockfileVersion": 1,
    "requires": true,
    "dependencies": {
        "@types/bson": {
            "version": "4.0.4",
            "resolved": "https://registry.npmjs.org/@types/bson/-/bson-4.0.4.tgz",
            "integrity": "sha512-awqorHvQS0DqxkHQ/FxcPX9E+H7Du51Qw/2F+5TBMSaE3G0hm+8D3eXJ6MAzFw75nE8V7xF0QvzUSdxIjJb/GA==",
            "dev": true,
            "requires": {
                "@types/node": "*"
            }
        },
        "@types/google.maps": {
            "version": "3.45.6",
            "resolved": "https://registry.npmjs.org/@types/google.maps/-/google.maps-3.45.6.tgz",
            "integrity": "sha512-BzGzxs8UXFxeP8uN/0nRgGbsbpYQxSCKsv/7S8OitU7wwhfFcqQSm5aAcL1nbwueMiJ/VVmIZKPq69s0kX5W+Q==",
            "dev": true
        },
        "@types/node": {
            "version": "16.3.2",
            "resolved": "https://registry.npmjs.org/@types/node/-/node-16.3.2.tgz",
            "integrity": "sha512-jJs9ErFLP403I+hMLGnqDRWT0RYKSvArxuBVh2veudHV7ifEC1WAmjJADacZ7mRbA2nWgHtn8xyECMAot0SkAw==",
            "dev": true
        }
    }
}
